
Microsoft Visual Studio Solution File, Format Version 12.00
# Visual Studio 15
VisualStudioVersion = 15.0.28010.2003
MinimumVisualStudioVersion = 10.0.40219.1
Project("{FAE04EC0-301F-11D3-BF4B-00C04F79EFBC}") = "RealTimeChat.Android", "RealTimeChat\RealTimeChat.Android\RealTimeChat.Android.csproj", "{C72E5E61-0EA8-45F6-95DD-311A80B11103}"
EndProject
Project("{FAE04EC0-301F-11D3-BF4B-00C04F79EFBC}") = "RealTimeChat.iOS", "RealTimeChat\RealTimeChat.iOS\RealTimeChat.iOS.csproj", "{A0CCDB3C-73EF-4371-B3C5-548AA0A8E5F4}"
EndProject
Project("{FAE04EC0-301F-11D3-BF4B-00C04F79EFBC}") = "RealTimeChat.UWP", "RealTimeChat\RealTimeChat.UWP\RealTimeChat.UWP.csproj", "{562B7589-BAE7-4687-8412-5925BF83FFF4}"
EndProject
Project("{FAE04EC0-301F-11D3-BF4B-00C04F79EFBC}") = "RealTimeChat", "RealTimeChat\RealTimeChat\RealTimeChat.csproj", "{C07A2208-D052-411A-A513-BF0E2A3B4CF1}"
EndProject
Global
	GlobalSection(SolutionConfigurationPlatforms) = preSolution
		Ad-Hoc|Any CPU = Ad-Hoc|Any CPU
		Ad-Hoc|ARM = Ad-Hoc|ARM
		Ad-Hoc|iPhone = Ad-Hoc|iPhone
		Ad-Hoc|iPhoneSimulator = Ad-Hoc|iPhoneSimulator
		Ad-Hoc|x64 = Ad-Hoc|x64
		Ad-Hoc|x86 = Ad-Hoc|x86
		AppStore|Any CPU = AppStore|Any CPU
		AppStore|ARM = AppStore|ARM
		AppStore|iPhone = AppStore|iPhone
		AppStore|iPhoneSimulator = AppStore|iPhoneSimulator
		AppStore|x64 = AppStore|x64
		AppStore|x86 = AppStore|x86
		Debug|Any CPU = Debug|Any CPU
		Debug|ARM = Debug|ARM
		Debug|iPhone = Debug|iPhone
		Debug|iPhoneSimulator = Debug|iPhoneSimulator
		Debug|x64 = Debug|x64
		Debug|x86 = Debug|x86
		Release|Any CPU = Release|Any CPU
		Release|ARM = Release|ARM
		Release|iPhone = Release|iPhone
		Release|iPhoneSimulator = Release|iPhoneSimulator
		Release|x64 = Release|x64
		Release|x86 = Release|x86
	EndGlobalSection
	GlobalSection(ProjectConfigurationPlatforms) = postSolution
		{C72E5E61-0EA8-45F6-95DD-311A80B11103}.Ad-Hoc|Any CPU.ActiveCfg = Release|Any CPU
		{C72E5E61-0EA8-45F6-95DD-311A80B11103}.Ad-Hoc|Any CPU.Build.0 = Release|Any CPU
		{C72E5E61-0EA8-45F6-95DD-311A80B11103}.Ad-Hoc|Any CPU.Deploy.0 = Release|Any CPU
		{C72E5E61-0EA8-45F6-95DD-311A80B11103}.Ad-Hoc|ARM.ActiveCfg = Release|Any CPU
		{C72E5E61-0EA8-45F6-95DD-311A80B11103}.Ad-Hoc|ARM.Build.0 = Release|Any CPU
		{C72E5E61-0EA8-45F6-95DD-311A80B11103}.Ad-Hoc|ARM.Deploy.0 = Release|Any CPU
		{C72E5E61-0EA8-45F6-95DD-311A80B11103}.Ad-Hoc|iPhone.ActiveCfg = Release|Any CPU
		{C72E5E61-0EA8-45F6-95DD-311A80B11103}.Ad-Hoc|iPhone.Build.0 = Release|Any CPU
		{C72E5E61-0EA8-45F6-95DD-311A80B11103}.Ad-Hoc|iPhone.Deploy.0 = Release|Any CPU
		{C72E5E61-0EA8-45F6-95DD-311A80B11103}.Ad-Hoc|iPhoneSimulator.ActiveCfg = Release|Any CPU
		{C72E5E61-0EA8-45F6-95DD-311A80B11103}.Ad-Hoc|iPhoneSimulator.Build.0 = Release|Any CPU
		{C72E5E61-0EA8-45F6-95DD-311A80B11103}.Ad-Hoc|iPhoneSimulator.Deploy.0 = Release|Any CPU
		{C72E5E61-0EA8-45F6-95DD-311A80B11103}.Ad-Hoc|x64.ActiveCfg = Release|Any CPU
		{C72E5E61-0EA8-45F6-95DD-311A80B11103}.Ad-Hoc|x64.Build.0 = Release|Any CPU
		{C72E5E61-0EA8-45F6-95DD-311A80B11103}.Ad-Hoc|x64.Deploy.0 = Release|Any CPU
		{C72E5E61-0EA8-45F6-95DD-311A80B11103}.Ad-Hoc|x86.ActiveCfg = Release|Any CPU
		{C72E5E61-0EA8-45F6-95DD-311A80B11103}.Ad-Hoc|x86.Build.0 = Release|Any CPU
		{C72E5E61-0EA8-45F6-95DD-311A80B11103}.Ad-Hoc|x86.Deploy.0 = Release|Any CPU
		{C72E5E61-0EA8-45F6-95DD-311A80B11103}.AppStore|Any CPU.ActiveCfg = Release|Any CPU
		{C72E5E61-0EA8-45F6-95DD-311A80B11103}.AppStore|Any CPU.Build.0 = Release|Any CPU
		{C72E5E61-0EA8-45F6-95DD-311A80B11103}.AppStore|Any CPU.Deploy.0 = Release|Any CPU
		{C72E5E61-0EA8-45F6-95DD-311A80B11103}.AppStore|ARM.ActiveCfg = Release|Any CPU
		{C72E5E61-0EA8-45F6-95DD-311A80B11103}.AppStore|ARM.Build.0 = Release|Any CPU
		{C72E5E61-0EA8-45F6-95DD-311A80B11103}.AppStore|ARM.Deploy.0 = Release|Any CPU
		{C72E5E61-0EA8-45F6-95DD-311A80B11103}.AppStore|iPhone.ActiveCfg = Release|Any CPU
		{C72E5E61-0EA8-45F6-95DD-311A80B11103}.AppStore|iPhone.Build.0 = Release|Any CPU
		{C72E5E61-0EA8-45F6-95DD-311A80B11103}.AppStore|iPhone.Deploy.0 = Release|Any CPU
		{C72E5E61-0EA8-45F6-95DD-311A80B11103}.AppStore|iPhoneSimulator.ActiveCfg = Release|Any CPU
		{C72E5E61-0EA8-45F6-95DD-311A80B11103}.AppStore|iPhoneSimulator.Build.0 = Release|Any CPU
		{C72E5E61-0EA8-45F6-95DD-311A80B11103}.AppStore|iPhoneSimulator.Deploy.0 = Release|Any CPU
		{C72E5E61-0EA8-45F6-95DD-311A80B11103}.AppStore|x64.ActiveCfg = Release|Any CPU
		{C72E5E61-0EA8-45F6-95DD-311A80B11103}.AppStore|x64.Build.0 = Release|Any CPU
		{C72E5E61-0EA8-45F6-95DD-311A80B11103}.AppStore|x64.Deploy.0 = Release|Any CPU
		{C72E5E61-0EA8-45F6-95DD-311A80B11103}.AppStore|x86.ActiveCfg = Release|Any CPU
		{C72E5E61-0EA8-45F6-95DD-311A80B11103}.AppStore|x86.Build.0 = Release|Any CPU
		{C72E5E61-0EA8-45F6-95DD-311A80B11103}.AppStore|x86.Deploy.0 = Release|Any CPU
		{C72E5E61-0EA8-45F6-95DD-311A80B11103}.Debug|Any CPU.ActiveCfg = Debug|Any CPU
		{C72E5E61-0EA8-45F6-95DD-311A80B11103}.Debug|Any CPU.Build.0 = Debug|Any CPU
		{C72E5E61-0EA8-45F6-95DD-311A80B11103}.Debug|Any CPU.Deploy.0 = Debug|Any CPU
		{C72E5E61-0EA8-45F6-95DD-311A80B11103}.Debug|ARM.ActiveCfg = Debug|Any CPU
		{C72E5E61-0EA8-45F6-95DD-311A80B11103}.Debug|ARM.Build.0 = Debug|Any CPU
		{C72E5E61-0EA8-45F6-95DD-311A80B11103}.Debug|ARM.Deploy.0 = Debug|Any CPU
		{C72E5E61-0EA8-45F6-95DD-311A80B11103}.Debug|iPhone.ActiveCfg = Debug|Any CPU
		{C72E5E61-0EA8-45F6-95DD-311A80B11103}.Debug|iPhone.Build.0 = Debug|Any CPU
		{C72E5E61-0EA8-45F6-95DD-311A80B11103}.Debug|iPhone.Deploy.0 = Debug|Any CPU
		{C72E5E61-0EA8-45F6-95DD-311A80B11103}.Debug|iPhoneSimulator.ActiveCfg = Debug|Any CPU
		{C72E5E61-0EA8-45F6-95DD-311A80B11103}.Debug|iPhoneSimulator.Build.0 = Debug|Any CPU
		{C72E5E61-0EA8-45F6-95DD-311A80B11103}.Debug|iPhoneSimulator.Deploy.0 = Debug|Any CPU
		{C72E5E61-0EA8-45F6-95DD-311A80B11103}.Debug|x64.ActiveCfg = Debug|Any CPU
		{C72E5E61-0EA8-45F6-95DD-311A80B11103}.Debug|x64.Build.0 = Debug|Any CPU
		{C72E5E61-0EA8-45F6-95DD-311A80B11103}.Debug|x64.Deploy.0 = Debug|Any CPU
		{C72E5E61-0EA8-45F6-95DD-311A80B11103}.Debug|x86.ActiveCfg = Debug|Any CPU
		{C72E5E61-0EA8-45F6-95DD-311A80B11103}.Debug|x86.Build.0 = Debug|Any CPU
		{C72E5E61-0EA8-45F6-95DD-311A80B11103}.Debug|x86.Deploy.0 = Debug|Any CPU
		{C72E5E61-0EA8-45F6-95DD-311A80B11103}.Release|Any CPU.ActiveCfg = Release|Any CPU
		{C72E5E61-0EA8-45F6-95DD-311A80B11103}.Release|Any CPU.Build.0 = Release|Any CPU
		{C72E5E61-0EA8-45F6-95DD-311A80B11103}.Release|Any CPU.Deploy.0 = Release|Any CPU
		{C72E5E61-0EA8-45F6-95DD-311A80B11103}.Release|ARM.ActiveCfg = Release|Any CPU
		{C72E5E61-0EA8-45F6-95DD-311A80B11103}.Release|ARM.Build.0 = Release|Any CPU
		{C72E5E61-0EA8-45F6-95DD-311A80B11103}.Release|ARM.Deploy.0 = Release|Any CPU
		{C72E5E61-0EA8-45F6-95DD-311A80B11103}.Release|iPhone.ActiveCfg = Release|Any CPU
		{C72E5E61-0EA8-45F6-95DD-311A80B11103}.Release|iPhone.Build.0 = Release|Any CPU
		{C72E5E61-0EA8-45F6-95DD-311A80B11103}.Release|iPhone.Deploy.0 = Release|Any CPU
		{C72E5E61-0EA8-45F6-95DD-311A80B11103}.Release|iPhoneSimulator.ActiveCfg = Release|Any CPU
		{C72E5E61-0EA8-45F6-95DD-311A80B11103}.Release|iPhoneSimulator.Build.0 = Release|Any CPU
		{C72E5E61-0EA8-45F6-95DD-311A80B11103}.Release|iPhoneSimulator.Deploy.0 = Release|Any CPU
		{C72E5E61-0EA8-45F6-95DD-311A80B11103}.Release|x64.ActiveCfg = Release|Any CPU
		{C72E5E61-0EA8-45F6-95DD-311A80B11103}.Release|x64.Build.0 = Release|Any CPU
		{C72E5E61-0EA8-45F6-95DD-311A80B11103}.Release|x64.Deploy.0 = Release|Any CPU
		{C72E5E61-0EA8-45F6-95DD-311A80B11103}.Release|x86.ActiveCfg = Release|Any CPU
		{C72E5E61-0EA8-45F6-95DD-311A80B11103}.Release|x86.Build.0 = Release|Any CPU
		{C72E5E61-0EA8-45F6-95DD-311A80B11103}.Release|x86.Deploy.0 = Release|Any CPU
		{A0CCDB3C-73EF-4371-B3C5-548AA0A8E5F4}.Ad-Hoc|Any CPU.ActiveCfg = Ad-Hoc|iPhone
		{A0CCDB3C-73EF-4371-B3C5-548AA0A8E5F4}.Ad-Hoc|Any CPU.Build.0 = Ad-Hoc|iPhone
		{A0CCDB3C-73EF-4371-B3C5-548AA0A8E5F4}.Ad-Hoc|Any CPU.Deploy.0 = Ad-Hoc|iPhone
		{A0CCDB3C-73EF-4371-B3C5-548AA0A8E5F4}.Ad-Hoc|ARM.ActiveCfg = Ad-Hoc|iPhone
		{A0CCDB3C-73EF-4371-B3C5-548AA0A8E5F4}.Ad-Hoc|ARM.Build.0 = Ad-Hoc|iPhone
		{A0CCDB3C-73EF-4371-B3C5-548AA0A8E5F4}.Ad-Hoc|ARM.Deploy.0 = Ad-Hoc|iPhone
		{A0CCDB3C-73EF-4371-B3C5-548AA0A8E5F4}.Ad-Hoc|iPhone.ActiveCfg = Ad-Hoc|iPhone
		{A0CCDB3C-73EF-4371-B3C5-548AA0A8E5F4}.Ad-Hoc|iPhone.Build.0 = Ad-Hoc|iPhone
		{A0CCDB3C-73EF-4371-B3C5-548AA0A8E5F4}.Ad-Hoc|iPhone.Deploy.0 = Ad-Hoc|iPhone
		{A0CCDB3C-73EF-4371-B3C5-548AA0A8E5F4}.Ad-Hoc|iPhoneSimulator.ActiveCfg = Ad-Hoc|iPhoneSimulator
		{A0CCDB3C-73EF-4371-B3C5-548AA0A8E5F4}.Ad-Hoc|iPhoneSimulator.Build.0 = Ad-Hoc|iPhoneSimulator
		{A0CCDB3C-73EF-4371-B3C5-548AA0A8E5F4}.Ad-Hoc|iPhoneSimulator.Deploy.0 = Ad-Hoc|iPhoneSimulator
		{A0CCDB3C-73EF-4371-B3C5-548AA0A8E5F4}.Ad-Hoc|x64.ActiveCfg = Ad-Hoc|iPhone
		{A0CCDB3C-73EF-4371-B3C5-548AA0A8E5F4}.Ad-Hoc|x64.Build.0 = Ad-Hoc|iPhone
		{A0CCDB3C-73EF-4371-B3C5-548AA0A8E5F4}.Ad-Hoc|x64.Deploy.0 = Ad-Hoc|iPhone
		{A0CCDB3C-73EF-4371-B3C5-548AA0A8E5F4}.Ad-Hoc|x86.ActiveCfg = Ad-Hoc|iPhone
		{A0CCDB3C-73EF-4371-B3C5-548AA0A8E5F4}.Ad-Hoc|x86.Build.0 = Ad-Hoc|iPhone
		{A0CCDB3C-73EF-4371-B3C5-548AA0A8E5F4}.Ad-Hoc|x86.Deploy.0 = Ad-Hoc|iPhone
		{A0CCDB3C-73EF-4371-B3C5-548AA0A8E5F4}.AppStore|Any CPU.ActiveCfg = AppStore|iPhone
		{A0CCDB3C-73EF-4371-B3C5-548AA0A8E5F4}.AppStore|Any CPU.Build.0 = AppStore|iPhone
		{A0CCDB3C-73EF-4371-B3C5-548AA0A8E5F4}.AppStore|Any CPU.Deploy.0 = AppStore|iPhone
		{A0CCDB3C-73EF-4371-B3C5-548AA0A8E5F4}.AppStore|ARM.ActiveCfg = AppStore|iPhone
		{A0CCDB3C-73EF-4371-B3C5-548AA0A8E5F4}.AppStore|ARM.Build.0 = AppStore|iPhone
		{A0CCDB3C-73EF-4371-B3C5-548AA0A8E5F4}.AppStore|ARM.Deploy.0 = AppStore|iPhone
		{A0CCDB3C-73EF-4371-B3C5-548AA0A8E5F4}.AppStore|iPhone.ActiveCfg = AppStore|iPhone
		{A0CCDB3C-73EF-4371-B3C5-548AA0A8E5F4}.AppStore|iPhone.Build.0 = AppStore|iPhone
		{A0CCDB3C-73EF-4371-B3C5-548AA0A8E5F4}.AppStore|iPhone.Deploy.0 = AppStore|iPhone
		{A0CCDB3C-73EF-4371-B3C5-548AA0A8E5F4}.AppStore|iPhoneSimulator.ActiveCfg = AppStore|iPhoneSimulator
		{A0CCDB3C-73EF-4371-B3C5-548AA0A8E5F4}.AppStore|iPhoneSimulator.Build.0 = AppStore|iPhoneSimulator
		{A0CCDB3C-73EF-4371-B3C5-548AA0A8E5F4}.AppStore|iPhoneSimulator.Deploy.0 = AppStore|iPhoneSimulator
		{A0CCDB3C-73EF-4371-B3C5-548AA0A8E5F4}.AppStore|x64.ActiveCfg = AppStore|iPhone
		{A0CCDB3C-73EF-4371-B3C5-548AA0A8E5F4}.AppStore|x64.Build.0 = AppStore|iPhone
		{A0CCDB3C-73EF-4371-B3C5-548AA0A8E5F4}.AppStore|x64.Deploy.0 = AppStore|iPhone
		{A0CCDB3C-73EF-4371-B3C5-548AA0A8E5F4}.AppStore|x86.ActiveCfg = AppStore|iPhone
		{A0CCDB3C-73EF-4371-B3C5-548AA0A8E5F4}.AppStore|x86.Build.0 = AppStore|iPhone
		{A0CCDB3C-73EF-4371-B3C5-548AA0A8E5F4}.AppStore|x86.Deploy.0 = AppStore|iPhone
		{A0CCDB3C-73EF-4371-B3C5-548AA0A8E5F4}.Debug|Any CPU.ActiveCfg = Debug|iPhone
		{A0CCDB3C-73EF-4371-B3C5-548AA0A8E5F4}.Debug|Any CPU.Build.0 = Debug|iPhone
		{A0CCDB3C-73EF-4371-B3C5-548AA0A8E5F4}.Debug|Any CPU.Deploy.0 = Debug|iPhone
		{A0CCDB3C-73EF-4371-B3C5-548AA0A8E5F4}.Debug|ARM.ActiveCfg = Debug|iPhone
		{A0CCDB3C-73EF-4371-B3C5-548AA0A8E5F4}.Debug|ARM.Build.0 = Debug|iPhone
		{A0CCDB3C-73EF-4371-B3C5-548AA0A8E5F4}.Debug|ARM.Deploy.0 = Debug|iPhone
		{A0CCDB3C-73EF-4371-B3C5-548AA0A8E5F4}.Debug|iPhone.ActiveCfg = Debug|iPhone
		{A0CCDB3C-73EF-4371-B3C5-548AA0A8E5F4}.Debug|iPhone.Build.0 = Debug|iPhone
		{A0CCDB3C-73EF-4371-B3C5-548AA0A8E5F4}.Debug|iPhone.Deploy.0 = Debug|iPhone
		{A0CCDB3C-73EF-4371-B3C5-548AA0A8E5F4}.Debug|iPhoneSimulator.ActiveCfg = Debug|iPhoneSimulator
		{A0CCDB3C-73EF-4371-B3C5-548AA0A8E5F4}.Debug|iPhoneSimulator.Build.0 = Debug|iPhoneSimulator
		{A0CCDB3C-73EF-4371-B3C5-548AA0A8E5F4}.Debug|iPhoneSimulator.Deploy.0 = Debug|iPhoneSimulator
		{A0CCDB3C-73EF-4371-B3C5-548AA0A8E5F4}.Debug|x64.ActiveCfg = Debug|iPhone
		{A0CCDB3C-73EF-4371-B3C5-548AA0A8E5F4}.Debug|x64.Build.0 = Debug|iPhone
		{A0CCDB3C-73EF-4371-B3C5-548AA0A8E5F4}.Debug|x64.Deploy.0 = Debug|iPhone
		{A0CCDB3C-73EF-4371-B3C5-548AA0A8E5F4}.Debug|x86.ActiveCfg = Debug|iPhone
		{A0CCDB3C-73EF-4371-B3C5-548AA0A8E5F4}.Debug|x86.Build.0 = Debug|iPhone
		{A0CCDB3C-73EF-4371-B3C5-548AA0A8E5F4}.Debug|x86.Deploy.0 = Debug|iPhone
		{A0CCDB3C-73EF-4371-B3C5-548AA0A8E5F4}.Release|Any CPU.ActiveCfg = Release|iPhone
		{A0CCDB3C-73EF-4371-B3C5-548AA0A8E5F4}.Release|Any CPU.Build.0 = Release|iPhone
		{A0CCDB3C-73EF-4371-B3C5-548AA0A8E5F4}.Release|Any CPU.Deploy.0 = Release|iPhone
		{A0CCDB3C-73EF-4371-B3C5-548AA0A8E5F4}.Release|ARM.ActiveCfg = Release|iPhone
		{A0CCDB3C-73EF-4371-B3C5-548AA0A8E5F4}.Release|ARM.Build.0 = Release|iPhone
		{A0CCDB3C-73EF-4371-B3C5-548AA0A8E5F4}.Release|ARM.Deploy.0 = Release|iPhone
		{A0CCDB3C-73EF-4371-B3C5-548AA0A8E5F4}.Release|iPhone.ActiveCfg = Release|iPhone
		{A0CCDB3C-73EF-4371-B3C5-548AA0A8E5F4}.Release|iPhone.Build.0 = Release|iPhone
		{A0CCDB3C-73EF-4371-B3C5-548AA0A8E5F4}.Release|iPhone.Deploy.0 = Release|iPhone
		{A0CCDB3C-73EF-4371-B3C5-548AA0A8E5F4}.Release|iPhoneSimulator.ActiveCfg = Release|iPhoneSimulator
		{A0CCDB3C-73EF-4371-B3C5-548AA0A8E5F4}.Release|iPhoneSimulator.Build.0 = Release|iPhoneSimulator
		{A0CCDB3C-73EF-4371-B3C5-548AA0A8E5F4}.Release|iPhoneSimulator.Deploy.0 = Release|iPhoneSimulator
		{A0CCDB3C-73EF-4371-B3C5-548AA0A8E5F4}.Release|x64.ActiveCfg = Release|iPhone
		{A0CCDB3C-73EF-4371-B3C5-548AA0A8E5F4}.Release|x64.Build.0 = Release|iPhone
		{A0CCDB3C-73EF-4371-B3C5-548AA0A8E5F4}.Release|x64.Deploy.0 = Release|iPhone
		{A0CCDB3C-73EF-4371-B3C5-548AA0A8E5F4}.Release|x86.ActiveCfg = Release|iPhone
		{A0CCDB3C-73EF-4371-B3C5-548AA0A8E5F4}.Release|x86.Build.0 = Release|iPhone
		{A0CCDB3C-73EF-4371-B3C5-548AA0A8E5F4}.Release|x86.Deploy.0 = Release|iPhone
		{562B7589-BAE7-4687-8412-5925BF83FFF4}.Ad-Hoc|Any CPU.ActiveCfg = Release|x86
		{562B7589-BAE7-4687-8412-5925BF83FFF4}.Ad-Hoc|Any CPU.Build.0 = Release|x86
		{562B7589-BAE7-4687-8412-5925BF83FFF4}.Ad-Hoc|Any CPU.Deploy.0 = Release|x86
		{562B7589-BAE7-4687-8412-5925BF83FFF4}.Ad-Hoc|ARM.ActiveCfg = Release|ARM
		{562B7589-BAE7-4687-8412-5925BF83FFF4}.Ad-Hoc|ARM.Build.0 = Release|ARM
		{562B7589-BAE7-4687-8412-5925BF83FFF4}.Ad-Hoc|ARM.Deploy.0 = Release|ARM
		{562B7589-BAE7-4687-8412-5925BF83FFF4}.Ad-Hoc|iPhone.ActiveCfg = Release|x86
		{562B7589-BAE7-4687-8412-5925BF83FFF4}.Ad-Hoc|iPhone.Build.0 = Release|x86
		{562B7589-BAE7-4687-8412-5925BF83FFF4}.Ad-Hoc|iPhone.Deploy.0 = Release|x86
		{562B7589-BAE7-4687-8412-5925BF83FFF4}.Ad-Hoc|iPhoneSimulator.ActiveCfg = Release|x86
		{562B7589-BAE7-4687-8412-5925BF83FFF4}.Ad-Hoc|iPhoneSimulator.Build.0 = Release|x86
		{562B7589-BAE7-4687-8412-5925BF83FFF4}.Ad-Hoc|iPhoneSimulator.Deploy.0 = Release|x86
		{562B7589-BAE7-4687-8412-5925BF83FFF4}.Ad-Hoc|x64.ActiveCfg = Release|x64
		{562B7589-BAE7-4687-8412-5925BF83FFF4}.Ad-Hoc|x64.Build.0 = Release|x64
		{562B7589-BAE7-4687-8412-5925BF83FFF4}.Ad-Hoc|x64.Deploy.0 = Release|x64
		{562B7589-BAE7-4687-8412-5925BF83FFF4}.Ad-Hoc|x86.ActiveCfg = Release|x86
		{562B7589-BAE7-4687-8412-5925BF83FFF4}.Ad-Hoc|x86.Build.0 = Release|x86
		{562B7589-BAE7-4687-8412-5925BF83FFF4}.Ad-Hoc|x86.Deploy.0 = Release|x86
		{562B7589-BAE7-4687-8412-5925BF83FFF4}.AppStore|Any CPU.ActiveCfg = Release|x86
		{562B7589-BAE7-4687-8412-5925BF83FFF4}.AppStore|Any CPU.Build.0 = Release|x86
		{562B7589-BAE7-4687-8412-5925BF83FFF4}.AppStore|Any CPU.Deploy.0 = Release|x86
		{562B7589-BAE7-4687-8412-5925BF83FFF4}.AppStore|ARM.ActiveCfg = Release|ARM
		{562B7589-BAE7-4687-8412-5925BF83FFF4}.AppStore|ARM.Build.0 = Release|ARM
		{562B7589-BAE7-4687-8412-5925BF83FFF4}.AppStore|ARM.Deploy.0 = Release|ARM
		{562B7589-BAE7-4687-8412-5925BF83FFF4}.AppStore|iPhone.ActiveCfg = Release|x86
		{562B7589-BAE7-4687-8412-5925BF83FFF4}.AppStore|iPhone.Build.0 = Release|x86
		{562B7589-BAE7-4687-8412-5925BF83FFF4}.AppStore|iPhone.Deploy.0 = Release|x86
		{562B7589-BAE7-4687-8412-5925BF83FFF4}.AppStore|iPhoneSimulator.ActiveCfg = Release|x86
		{562B7589-BAE7-4687-8412-5925BF83FFF4}.AppStore|iPhoneSimulator.Build.0 = Release|x86
		{562B7589-BAE7-4687-8412-5925BF83FFF4}.AppStore|iPhoneSimulator.Deploy.0 = Release|x86
		{562B7589-BAE7-4687-8412-5925BF83FFF4}.AppStore|x64.ActiveCfg = Release|x64
		{562B7589-BAE7-4687-8412-5925BF83FFF4}.AppStore|x64.Build.0 = Release|x64
		{562B7589-BAE7-4687-8412-5925BF83FFF4}.AppStore|x64.Deploy.0 = Release|x64
		{562B7589-BAE7-4687-8412-5925BF83FFF4}.AppStore|x86.ActiveCfg = Release|x86
		{562B7589-BAE7-4687-8412-5925BF83FFF4}.AppStore|x86.Build.0 = Release|x86
		{562B7589-BAE7-4687-8412-5925BF83FFF4}.AppStore|x86.Deploy.0 = Release|x86
		{562B7589-BAE7-4687-8412-5925BF83FFF4}.Debug|Any CPU.ActiveCfg = Debug|x86
		{562B7589-BAE7-4687-8412-5925BF83FFF4}.Debug|Any CPU.Build.0 = Debug|x86
		{562B7589-BAE7-4687-8412-5925BF83FFF4}.Debug|Any CPU.Deploy.0 = Debug|x86
		{562B7589-BAE7-4687-8412-5925BF83FFF4}.Debug|ARM.ActiveCfg = Debug|ARM
		{562B7589-BAE7-4687-8412-5925BF83FFF4}.Debug|ARM.Build.0 = Debug|ARM
		{562B7589-BAE7-4687-8412-5925BF83FFF4}.Debug|ARM.Deploy.0 = Debug|ARM
		{562B7589-BAE7-4687-8412-5925BF83FFF4}.Debug|iPhone.ActiveCfg = Debug|x86
		{562B7589-BAE7-4687-8412-5925BF83FFF4}.Debug|iPhone.Build.0 = Debug|x86
		{562B7589-BAE7-4687-8412-5925BF83FFF4}.Debug|iPhone.Deploy.0 = Debug|x86
		{562B7589-BAE7-4687-8412-5925BF83FFF4}.Debug|iPhoneSimulator.ActiveCfg = Debug|x86
		{562B7589-BAE7-4687-8412-5925BF83FFF4}.Debug|iPhoneSimulator.Build.0 = Debug|x86
		{562B7589-BAE7-4687-8412-5925BF83FFF4}.Debug|iPhoneSimulator.Deploy.0 = Debug|x86
		{562B7589-BAE7-4687-8412-5925BF83FFF4}.Debug|x64.ActiveCfg = Debug|x64
		{562B7589-BAE7-4687-8412-5925BF83FFF4}.Debug|x64.Build.0 = Debug|x64
		{562B7589-BAE7-4687-8412-5925BF83FFF4}.Debug|x64.Deploy.0 = Debug|x64
		{562B7589-BAE7-4687-8412-5925BF83FFF4}.Debug|x86.ActiveCfg = Debug|x86
		{562B7589-BAE7-4687-8412-5925BF83FFF4}.Debug|x86.Build.0 = Debug|x86
		{562B7589-BAE7-4687-8412-5925BF83FFF4}.Debug|x86.Deploy.0 = Debug|x86
		{562B7589-BAE7-4687-8412-5925BF83FFF4}.Release|Any CPU.ActiveCfg = Release|x86
		{562B7589-BAE7-4687-8412-5925BF83FFF4}.Release|Any CPU.Build.0 = Release|x86
		{562B7589-BAE7-4687-8412-5925BF83FFF4}.Release|Any CPU.Deploy.0 = Release|x86
		{562B7589-BAE7-4687-8412-5925BF83FFF4}.Release|ARM.ActiveCfg = Release|ARM
		{562B7589-BAE7-4687-8412-5925BF83FFF4}.Release|ARM.Build.0 = Release|ARM
		{562B7589-BAE7-4687-8412-5925BF83FFF4}.Release|ARM.Deploy.0 = Release|ARM
		{562B7589-BAE7-4687-8412-5925BF83FFF4}.Release|iPhone.ActiveCfg = Release|x86
		{562B7589-BAE7-4687-8412-5925BF83FFF4}.Release|iPhone.Build.0 = Release|x86
		{562B7589-BAE7-4687-8412-5925BF83FFF4}.Release|iPhone.Deploy.0 = Release|x86
		{562B7589-BAE7-4687-8412-5925BF83FFF4}.Release|iPhoneSimulator.ActiveCfg = Release|x86
		{562B7589-BAE7-4687-8412-5925BF83FFF4}.Release|iPhoneSimulator.Build.0 = Release|x86
		{562B7589-BAE7-4687-8412-5925BF83FFF4}.Release|iPhoneSimulator.Deploy.0 = Release|x86
		{562B7589-BAE7-4687-8412-5925BF83FFF4}.Release|x64.ActiveCfg = Release|x64
		{562B7589-BAE7-4687-8412-5925BF83FFF4}.Release|x64.Build.0 = Release|x64
		{562B7589-BAE7-4687-8412-5925BF83FFF4}.Release|x64.Deploy.0 = Release|x64
		{562B7589-BAE7-4687-8412-5925BF83FFF4}.Release|x86.ActiveCfg = Release|x86
		{562B7589-BAE7-4687-8412-5925BF83FFF4}.Release|x86.Build.0 = Release|x86
		{562B7589-BAE7-4687-8412-5925BF83FFF4}.Release|x86.Deploy.0 = Release|x86
		{C07A2208-D052-411A-A513-BF0E2A3B4CF1}.Ad-Hoc|Any CPU.ActiveCfg = Debug|Any CPU
		{C07A2208-D052-411A-A513-BF0E2A3B4CF1}.Ad-Hoc|Any CPU.Build.0 = Debug|Any CPU
		{C07A2208-D052-411A-A513-BF0E2A3B4CF1}.Ad-Hoc|Any CPU.Deploy.0 = Debug|Any CPU
		{C07A2208-D052-411A-A513-BF0E2A3B4CF1}.Ad-Hoc|ARM.ActiveCfg = Debug|Any CPU
		{C07A2208-D052-411A-A513-BF0E2A3B4CF1}.Ad-Hoc|ARM.Build.0 = Debug|Any CPU
		{C07A2208-D052-411A-A513-BF0E2A3B4CF1}.Ad-Hoc|ARM.Deploy.0 = Debug|Any CPU
		{C07A2208-D052-411A-A513-BF0E2A3B4CF1}.Ad-Hoc|iPhone.ActiveCfg = Debug|Any CPU
		{C07A2208-D052-411A-A513-BF0E2A3B4CF1}.Ad-Hoc|iPhone.Build.0 = Debug|Any CPU
		{C07A2208-D052-411A-A513-BF0E2A3B4CF1}.Ad-Hoc|iPhone.Deploy.0 = Debug|Any CPU
		{C07A2208-D052-411A-A513-BF0E2A3B4CF1}.Ad-Hoc|iPhoneSimulator.ActiveCfg = Debug|Any CPU
		{C07A2208-D052-411A-A513-BF0E2A3B4CF1}.Ad-Hoc|iPhoneSimulator.Build.0 = Debug|Any CPU
		{C07A2208-D052-411A-A513-BF0E2A3B4CF1}.Ad-Hoc|iPhoneSimulator.Deploy.0 = Debug|Any CPU
		{C07A2208-D052-411A-A513-BF0E2A3B4CF1}.Ad-Hoc|x64.ActiveCfg = Debug|Any CPU
		{C07A2208-D052-411A-A513-BF0E2A3B4CF1}.Ad-Hoc|x64.Build.0 = Debug|Any CPU
		{C07A2208-D052-411A-A513-BF0E2A3B4CF1}.Ad-Hoc|x64.Deploy.0 = Debug|Any CPU
		{C07A2208-D052-411A-A513-BF0E2A3B4CF1}.Ad-Hoc|x86.ActiveCfg = Debug|Any CPU
		{C07A2208-D052-411A-A513-BF0E2A3B4CF1}.Ad-Hoc|x86.Build.0 = Debug|Any CPU
		{C07A2208-D052-411A-A513-BF0E2A3B4CF1}.Ad-Hoc|x86.Deploy.0 = Debug|Any CPU
		{C07A2208-D052-411A-A513-BF0E2A3B4CF1}.AppStore|Any CPU.ActiveCfg = Debug|Any CPU
		{C07A2208-D052-411A-A513-BF0E2A3B4CF1}.AppStore|Any CPU.Build.0 = Debug|Any CPU
		{C07A2208-D052-411A-A513-BF0E2A3B4CF1}.AppStore|Any CPU.Deploy.0 = Debug|Any CPU
		{C07A2208-D052-411A-A513-BF0E2A3B4CF1}.AppStore|ARM.ActiveCfg = Debug|Any CPU
		{C07A2208-D052-411A-A513-BF0E2A3B4CF1}.AppStore|ARM.Build.0 = Debug|Any CPU
		{C07A2208-D052-411A-A513-BF0E2A3B4CF1}.AppStore|ARM.Deploy.0 = Debug|Any CPU
		{C07A2208-D052-411A-A513-BF0E2A3B4CF1}.AppStore|iPhone.ActiveCfg = Debug|Any CPU
		{C07A2208-D052-411A-A513-BF0E2A3B4CF1}.AppStore|iPhone.Build.0 = Debug|Any CPU
		{C07A2208-D052-411A-A513-BF0E2A3B4CF1}.AppStore|iPhone.Deploy.0 = Debug|Any CPU
		{C07A2208-D052-411A-A513-BF0E2A3B4CF1}.AppStore|iPhoneSimulator.ActiveCfg = Debug|Any CPU
		{C07A2208-D052-411A-A513-BF0E2A3B4CF1}.AppStore|iPhoneSimulator.Build.0 = Debug|Any CPU
		{C07A2208-D052-411A-A513-BF0E2A3B4CF1}.AppStore|iPhoneSimulator.Deploy.0 = Debug|Any CPU
		{C07A2208-D052-411A-A513-BF0E2A3B4CF1}.AppStore|x64.ActiveCfg = Debug|Any CPU
		{C07A2208-D052-411A-A513-BF0E2A3B4CF1}.AppStore|x64.Build.0 = Debug|Any CPU
		{C07A2208-D052-411A-A513-BF0E2A3B4CF1}.AppStore|x64.Deploy.0 = Debug|Any CPU
		{C07A2208-D052-411A-A513-BF0E2A3B4CF1}.AppStore|x86.ActiveCfg = Debug|Any CPU
		{C07A2208-D052-411A-A513-BF0E2A3B4CF1}.AppStore|x86.Build.0 = Debug|Any CPU
		{C07A2208-D052-411A-A513-BF0E2A3B4CF1}.AppStore|x86.Deploy.0 = Debug|Any CPU
		{C07A2208-D052-411A-A513-BF0E2A3B4CF1}.Debug|Any CPU.ActiveCfg = Debug|Any CPU
		{C07A2208-D052-411A-A513-BF0E2A3B4CF1}.Debug|Any CPU.Build.0 = Debug|Any CPU
		{C07A2208-D052-411A-A513-BF0E2A3B4CF1}.Debug|Any CPU.Deploy.0 = Debug|Any CPU
		{C07A2208-D052-411A-A513-BF0E2A3B4CF1}.Debug|ARM.ActiveCfg = Debug|Any CPU
		{C07A2208-D052-411A-A513-BF0E2A3B4CF1}.Debug|ARM.Build.0 = Debug|Any CPU
		{C07A2208-D052-411A-A513-BF0E2A3B4CF1}.Debug|ARM.Deploy.0 = Debug|Any CPU
		{C07A2208-D052-411A-A513-BF0E2A3B4CF1}.Debug|iPhone.ActiveCfg = Debug|Any CPU
		{C07A2208-D052-411A-A513-BF0E2A3B4CF1}.Debug|iPhone.Build.0 = Debug|Any CPU
		{C07A2208-D052-411A-A513-BF0E2A3B4CF1}.Debug|iPhone.Deploy.0 = Debug|Any CPU
		{C07A2208-D052-411A-A513-BF0E2A3B4CF1}.Debug|iPhoneSimulator.ActiveCfg = Debug|Any CPU
		{C07A2208-D052-411A-A513-BF0E2A3B4CF1}.Debug|iPhoneSimulator.Build.0 = Debug|Any CPU
		{C07A2208-D052-411A-A513-BF0E2A3B4CF1}.Debug|iPhoneSimulator.Deploy.0 = Debug|Any CPU
		{C07A2208-D052-411A-A513-BF0E2A3B4CF1}.Debug|x64.ActiveCfg = Debug|Any CPU
		{C07A2208-D052-411A-A513-BF0E2A3B4CF1}.Debug|x64.Build.0 = Debug|Any CPU
		{C07A2208-D052-411A-A513-BF0E2A3B4CF1}.Debug|x64.Deploy.0 = Debug|Any CPU
		{C07A2208-D052-411A-A513-BF0E2A3B4CF1}.Debug|x86.ActiveCfg = Debug|Any CPU
		{C07A2208-D052-411A-A513-BF0E2A3B4CF1}.Debug|x86.Build.0 = Debug|Any CPU
		{C07A2208-D052-411A-A513-BF0E2A3B4CF1}.Debug|x86.Deploy.0 = Debug|Any CPU
		{C07A2208-D052-411A-A513-BF0E2A3B4CF1}.Release|Any CPU.ActiveCfg = Release|Any CPU
		{C07A2208-D052-411A-A513-BF0E2A3B4CF1}.Release|Any CPU.Build.0 = Release|Any CPU
		{C07A2208-D052-411A-A513-BF0E2A3B4CF1}.Release|Any CPU.Deploy.0 = Release|Any CPU
		{C07A2208-D052-411A-A513-BF0E2A3B4CF1}.Release|ARM.ActiveCfg = Release|Any CPU
		{C07A2208-D052-411A-A513-BF0E2A3B4CF1}.Release|ARM.Build.0 = Release|Any CPU
		{C07A2208-D052-411A-A513-BF0E2A3B4CF1}.Release|ARM.Deploy.0 = Release|Any CPU
		{C07A2208-D052-411A-A513-BF0E2A3B4CF1}.Release|iPhone.ActiveCfg = Release|Any CPU
		{C07A2208-D052-411A-A513-BF0E2A3B4CF1}.Release|iPhone.Build.0 = Release|Any CPU
		{C07A2208-D052-411A-A513-BF0E2A3B4CF1}.Release|iPhone.Deploy.0 = Release|Any CPU
		{C07A2208-D052-411A-A513-BF0E2A3B4CF1}.Release|iPhoneSimulator.ActiveCfg = Release|Any CPU
		{C07A2208-D052-411A-A513-BF0E2A3B4CF1}.Release|iPhoneSimulator.Build.0 = Release|Any CPU
		{C07A2208-D052-411A-A513-BF0E2A3B4CF1}.Release|iPhoneSimulator.Deploy.0 = Release|Any CPU
		{C07A2208-D052-411A-A513-BF0E2A3B4CF1}.Release|x64.ActiveCfg = Release|Any CPU
		{C07A2208-D052-411A-A513-BF0E2A3B4CF1}.Release|x64.Build.0 = Release|Any CPU
		{C07A2208-D052-411A-A513-BF0E2A3B4CF1}.Release|x64.Deploy.0 = Release|Any CPU
		{C07A2208-D052-411A-A513-BF0E2A3B4CF1}.Release|x86.ActiveCfg = Release|Any CPU
		{C07A2208-D052-411A-A513-BF0E2A3B4CF1}.Release|x86.Build.0 = Release|Any CPU
		{C07A2208-D052-411A-A513-BF0E2A3B4CF1}.Release|x86.Deploy.0 = Release|Any CPU
	EndGlobalSection
	GlobalSection(SolutionProperties) = preSolution
		HideSolutionNode = FALSE
	EndGlobalSection
	GlobalSection(ExtensibilityGlobals) = postSolution
		SolutionGuid = {F329FE1A-822D-4EC3-A16D-203CDCDE0FA5}
	EndGlobalSection
EndGlobal
